// !$*UTF8*$!
{
	archiveVersion = 1;
	classes = {
	};
	objectVersion = 52;
	objects = {

/* Begin PBXBuildFile section */
		6BECB15224357ADC000BA6F1 /* AppDelegate.swift in Sources */ = {isa = PBXBuildFile; fileRef = 6BECB15124357ADC000BA6F1 /* AppDelegate.swift */; };
		6BECB15424357ADC000BA6F1 /* SceneDelegate.swift in Sources */ = {isa = PBXBuildFile; fileRef = 6BECB15324357ADC000BA6F1 /* SceneDelegate.swift */; };
		6BECB15624357ADC000BA6F1 /* ContentView.swift in Sources */ = {isa = PBXBuildFile; fileRef = 6BECB15524357ADC000BA6F1 /* ContentView.swift */; };
		6BECB15824357ADD000BA6F1 /* Assets.xcassets in Resources */ = {isa = PBXBuildFile; fileRef = 6BECB15724357ADD000BA6F1 /* Assets.xcassets */; };
		6BECB15B24357ADD000BA6F1 /* Preview Assets.xcassets in Resources */ = {isa = PBXBuildFile; fileRef = 6BECB15A24357ADD000BA6F1 /* Preview Assets.xcassets */; };
		6BECB15E24357ADD000BA6F1 /* LaunchScreen.storyboard in Resources */ = {isa = PBXBuildFile; fileRef = 6BECB15C24357ADD000BA6F1 /* LaunchScreen.storyboard */; };
		6BECB16724357B1B000BA6F1 /* Swifter in Frameworks */ = {isa = PBXBuildFile; productRef = 6BECB16624357B1B000BA6F1 /* Swifter */; };
		6BECB1692436CDAD000BA6F1 /* Server.swift in Sources */ = {isa = PBXBuildFile; fileRef = 6BECB1682436CDAD000BA6F1 /* Server.swift */; };
/* End PBXBuildFile section */

/* Begin PBXFileReference section */
		6BECB14E24357ADC000BA6F1 /* SwifterSample.app */ = {isa = PBXFileReference; explicitFileType = wrapper.application; includeInIndex = 0; path = SwifterSample.app; sourceTree = BUILT_PRODUCTS_DIR; };
		6BECB15124357ADC000BA6F1 /* AppDelegate.swift */ = {isa = PBXFileReference; lastKnownFileType = sourcecode.swift; path = AppDelegate.swift; sourceTree = "<group>"; };
		6BECB15324357ADC000BA6F1 /* SceneDelegate.swift */ = {isa = PBXFileReference; lastKnownFileType = sourcecode.swift; path = SceneDelegate.swift; sourceTree = "<group>"; };
		6BECB15524357ADC000BA6F1 /* ContentView.swift */ = {isa = PBXFileReference; lastKnownFileType = sourcecode.swift; path = ContentView.swift; sourceTree = "<group>"; };
		6BECB15724357ADD000BA6F1 /* Assets.xcassets */ = {isa = PBXFileReference; lastKnownFileType = folder.assetcatalog; path = Assets.xcassets; sourceTree = "<group>"; };
		6BECB15A24357ADD000BA6F1 /* Preview Assets.xcassets */ = {isa = PBXFileReference; lastKnownFileType = folder.assetcatalog; path = "Preview Assets.xcassets"; sourceTree = "<group>"; };
		6BECB15D24357ADD000BA6F1 /* Base */ = {isa = PBXFileReference; lastKnownFileType = file.storyboard; name = Base; path = Base.lproj/LaunchScreen.storyboard; sourceTree = "<group>"; };
		6BECB15F24357ADD000BA6F1 /* Info.plist */ = {isa = PBXFileReference; lastKnownFileType = text.plist.xml; path = Info.plist; sourceTree = "<group>"; };
		6BECB1682436CDAD000BA6F1 /* Server.swift */ = {isa = PBXFileReference; lastKnownFileType = sourcecode.swift; path = Server.swift; sourceTree = "<group>"; };
/* End PBXFileReference section */

/* Begin PBXFrameworksBuildPhase section */
		6BECB14B24357ADC000BA6F1 /* Frameworks */ = {
			isa = PBXFrameworksBuildPhase;
			buildActionMask = 2147483647;
			files = (
				6BECB16724357B1B000BA6F1 /* Swifter in Frameworks */,
			);
			runOnlyForDeploymentPostprocessing = 0;
		};
/* End PBXFrameworksBuildPhase section */

/* Begin PBXGroup section */
		6BECB14524357ADC000BA6F1 = {
			isa = PBXGroup;
			children = (
				6BECB15024357ADC000BA6F1 /* SwifterSample */,
				6BECB14F24357ADC000BA6F1 /* Products */,
			);
			sourceTree = "<group>";
		};
		6BECB14F24357ADC000BA6F1 /* Products */ = {
			isa = PBXGroup;
			children = (
				6BECB14E24357ADC000BA6F1 /* SwifterSample.app */,
			);
			name = Products;
			sourceTree = "<group>";
		};
		6BECB15024357ADC000BA6F1 /* SwifterSample */ = {
			isa = PBXGroup;
			children = (
				6BECB15124357ADC000BA6F1 /* AppDelegate.swift */,
				6BECB15324357ADC000BA6F1 /* SceneDelegate.swift */,
				6BECB15524357ADC000BA6F1 /* ContentView.swift */,
				6BECB15724357ADD000BA6F1 /* Assets.xcassets */,
				6BECB15C24357ADD000BA6F1 /* LaunchScreen.storyboard */,
				6BECB15F24357ADD000BA6F1 /* Info.plist */,
				6BECB15924357ADD000BA6F1 /* Preview Content */,
				6BECB1682436CDAD000BA6F1 /* Server.swift */,
			);
			path = SwifterSample;
			sourceTree = "<group>";
		};
		6BECB15924357ADD000BA6F1 /* Preview Content */ = {
			isa = PBXGroup;
			children = (
				6BECB15A24357ADD000BA6F1 /* Preview Assets.xcassets */,
			);
			path = "Preview Content";
			sourceTree = "<group>";
		};
/* End PBXGroup section */

/* Begin PBXNativeTarget section */
		6BECB14D24357ADC000BA6F1 /* SwifterSample */ = {
			isa = PBXNativeTarget;
			buildConfigurationList = 6BECB16224357ADD000BA6F1 /* Build configuration list for PBXNativeTarget "SwifterSample" */;
			buildPhases = (
				6BECB14A24357ADC000BA6F1 /* Sources */,
				6BECB14B24357ADC000BA6F1 /* Frameworks */,
				6BECB14C24357ADC000BA6F1 /* Resources */,
			);
			buildRules = (
			);
			dependencies = (
			);
			name = SwifterSample;
			packageProductDependencies = (
				6BECB16624357B1B000BA6F1 /* Swifter */,
			);
			productName = SwifterSample;
			productReference = 6BECB14E24357ADC000BA6F1 /* SwifterSample.app */;
			productType = "com.apple.product-type.application";
		};
/* End PBXNativeTarget section */

/* Begin PBXProject section */
		6BECB14624357ADC000BA6F1 /* Project object */ = {
			isa = PBXProject;
			attributes = {
				LastSwiftUpdateCheck = 1140;
				LastUpgradeCheck = 1140;
				ORGANIZATIONNAME = "Takuya Yokoyama";
				TargetAttributes = {
					6BECB14D24357ADC000BA6F1 = {
						CreatedOnToolsVersion = 11.4;
					};
				};
			};
			buildConfigurationList = 6BECB14924357ADC000BA6F1 /* Build configuration list for PBXProject "SwifterSample" */;
			compatibilityVersion = "Xcode 9.3";
			developmentRegion = en;
			hasScannedForEncodings = 0;
			knownRegions = (
				en,
				Base,
			);
			mainGroup = 6BECB14524357ADC000BA6F1;
			packageReferences = (
				6BECB16524357B1B000BA6F1 /* XCRemoteSwiftPackageReference "swifter" */,
			);
			productRefGroup = 6BECB14F24357ADC000BA6F1 /* Products */;
			projectDirPath = "";
			projectRoot = "";
			targets = (
				6BECB14D24357ADC000BA6F1 /* SwifterSample */,
			);
		};
/* End PBXProject section */

/* Begin PBXResourcesBuildPhase section */
		6BECB14C24357ADC000BA6F1 /* Resources */ = {
			isa = PBXResourcesBuildPhase;
			buildActionMask = 2147483647;
			files = (
				6BECB15E24357ADD000BA6F1 /* LaunchScreen.storyboard in Resources */,
				6BECB15B24357ADD000BA6F1 /* Preview Assets.xcassets in Resources */,
				6BECB15824357ADD000BA6F1 /* Assets.xcassets in Resources */,
			);
			runOnlyForDeploymentPostprocessing = 0;
		};
/* End PBXResourcesBuildPhase section */

/* Begin PBXSourcesBuildPhase section */
		6BECB14A24357ADC000BA6F1 /* Sources */ = {
			isa = PBXSourcesBuildPhase;
			buildActionMask = 2147483647;
			files = (
				6BECB15224357ADC000BA6F1 /* AppDelegate.swift in Sources */,
				6BECB15424357ADC000BA6F1 /* SceneDelegate.swift in Sources */,
				6BECB1692436CDAD000BA6F1 /* Server.swift in Sources */,
				6BECB15624357ADC000BA6F1 /* ContentView.swift in Sources */,
			);
			runOnlyForDeploymentPostprocessing = 0;
		};
/* End PBXSourcesBuildPhase section */

/* Begin PBXVariantGroup section */
		6BECB15C24357ADD000BA6F1 /* LaunchScreen.storyboard */ = {
			isa = PBXVariantGroup;
			children = (
				6BECB15D24357ADD000BA6F1 /* Base */,
			);
			name = LaunchScreen.storyboard;
			sourceTree = "<group>";
		};
/* End PBXVariantGroup section */

/* Begin XCBuildConfiguration section */
		6BECB16024357ADD000BA6F1 /* Debug */ = {
			isa = XCBuildConfiguration;
			buildSettings = {
				ALWAYS_SEARCH_USER_PATHS = NO;
				CLANG_ANALYZER_NONNULL = YES;
				CLANG_ANALYZER_NUMBER_OBJECT_CONVERSION = YES_AGGRESSIVE;
				CLANG_CXX_LANGUAGE_STANDARD = "gnu++14";
				CLANG_CXX_LIBRARY = "libc++";
				CLANG_ENABLE_MODULES = YES;
				CLANG_ENABLE_OBJC_ARC = YES;
				CLANG_ENABLE_OBJC_WEAK = YES;
				CLANG_WARN_BLOCK_CAPTURE_AUTORELEASING = YES;
				CLANG_WARN_BOOL_CONVERSION = YES;
				CLANG_WARN_COMMA = YES;
				CLANG_WARN_CONSTANT_CONVERSION = YES;
				CLANG_WARN_DEPRECATED_OBJC_IMPLEMENTATIONS = YES;
				CLANG_WARN_DIRECT_OBJC_ISA_USAGE = YES_ERROR;
				CLANG_WARN_DOCUMENTATION_COMMENTS = YES;
				CLANG_WARN_EMPTY_BODY = YES;
				CLANG_WARN_ENUM_CONVERSION = YES;
				CLANG_WARN_INFINITE_RECURSION = YES;
				CLANG_WARN_INT_CONVERSION = YES;
				CLANG_WARN_NON_LITERAL_NULL_CONVERSION = YES;
				CLANG_WARN_OBJC_IMPLICIT_RETAIN_SELF = YES;
				CLANG_WARN_OBJC_LITERAL_CONVERSION = YES;
				CLANG_WARN_OBJC_ROOT_CLASS = YES_ERROR;
				CLANG_WARN_RANGE_LOOP_ANALYSIS = YES;
				CLANG_WARN_STRICT_PROTOTYPES = YES;
				CLANG_WARN_SUSPICIOUS_MOVE = YES;
				CLANG_WARN_UNGUARDED_AVAILABILITY = YES_AGGRESSIVE;
				CLANG_WARN_UNREACHABLE_CODE = YES;
				CLANG_WARN__DUPLICATE_METHOD_MATCH = YES;
				COPY_PHASE_STRIP = NO;
				DEBUG_INFORMATION_FORMAT = dwarf;
				ENABLE_STRICT_OBJC_MSGSEND = YES;
				ENABLE_TESTABILITY = YES;
				GCC_C_LANGUAGE_STANDARD = gnu11;
				GCC_DYNAMIC_NO_PIC = NO;
				GCC_NO_COMMON_BLOCKS = YES;
				GCC_OPTIMIZATION_LEVEL = 0;
				GCC_PREPROCESSOR_DEFINITIONS = (
					"DEBUG=1",
					"$(inherited)",
				);
				GCC_WARN_64_TO_32_BIT_CONVERSION = YES;
				GCC_WARN_ABOUT_RETURN_TYPE = YES_ERROR;
				GCC_WARN_UNDECLARED_SELECTOR = YES;
				GCC_WARN_UNINITIALIZED_AUTOS = YES_AGGRESSIVE;
				GCC_WARN_UNUSED_FUNCTION = YES;
				GCC_WARN_UNUSED_VARIABLE = YES;
				IPHONEOS_DEPLOYMENT_TARGET = 13.4;
				MTL_ENABLE_DEBUG_INFO = INCLUDE_SOURCE;
				MTL_FAST_MATH = YES;
				ONLY_ACTIVE_ARCH = YES;
				SDKROOT = iphoneos;
				SWIFT_ACTIVE_COMPILATION_CONDITIONS = DEBUG;
				SWIFT_OPTIMIZATION_LEVEL = "-Onone";
			};
			name = Debug;
		};
		6BECB16124357ADD000BA6F1 /* Release */ = {
			isa = XCBuildConfiguration;
			buildSettings = {
				ALWAYS_SEARCH_USER_PATHS = NO;
				CLANG_ANALYZER_NONNULL = YES;
				CLANG_ANALYZER_NUMBER_OBJECT_CONVERSION = YES_AGGRESSIVE;
				CLANG_CXX_LANGUAGE_STANDARD = "gnu++14";
				CLANG_CXX_LIBRARY = "libc++";
				CLANG_ENABLE_MODULES = YES;
				CLANG_ENABLE_OBJC_ARC = YES;
				CLANG_ENABLE_OBJC_WEAK = YES;
				CLANG_WARN_BLOCK_CAPTURE_AUTORELEASING = YES;
				CLANG_WARN_BOOL_CONVERSION = YES;
				CLANG_WARN_COMMA = YES;
				CLANG_WARN_CONSTANT_CONVERSION = YES;
				CLANG_WARN_DEPRECATED_OBJC_IMPLEMENTATIONS = YES;
				CLANG_WARN_DIRECT_OBJC_ISA_USAGE = YES_ERROR;
				CLANG_WARN_DOCUMENTATION_COMMENTS = YES;
				CLANG_WARN_EMPTY_BODY = YES;
				CLANG_WARN_ENUM_CONVERSION = YES;
				CLANG_WARN_INFINITE_RECURSION = YES;
				CLANG_WARN_INT_CONVERSION = YES;
				CLANG_WARN_NON_LITERAL_NULL_CONVERSION = YES;
				CLANG_WARN_OBJC_IMPLICIT_RETAIN_SELF = YES;
				CLANG_WARN_OBJC_LITERAL_CONVERSION = YES;
				CLANG_WARN_OBJC_ROOT_CLASS = YES_ERROR;
				CLANG_WARN_RANGE_LOOP_ANALYSIS = YES;
				CLANG_WARN_STRICT_PROTOTYPES = YES;
				CLANG_WARN_SUSPICIOUS_MOVE = YES;
				CLANG_WARN_UNGUARDED_AVAILABILITY = YES_AGGRESSIVE;
				CLANG_WARN_UNREACHABLE_CODE = YES;
				CLANG_WARN__DUPLICATE_METHOD_MATCH = YES;
				COPY_PHASE_STRIP = NO;
				DEBUG_INFORMATION_FORMAT = "dwarf-with-dsym";
				ENABLE_NS_ASSERTIONS = NO;
				ENABLE_STRICT_OBJC_MSGSEND = YES;
				GCC_C_LANGUAGE_STANDARD = gnu11;
				GCC_NO_COMMON_BLOCKS = YES;
				GCC_WARN_64_TO_32_BIT_CONVERSION = YES;
				GCC_WARN_ABOUT_RETURN_TYPE = YES_ERROR;
				GCC_WARN_UNDECLARED_SELECTOR = YES;
				GCC_WARN_UNINITIALIZED_AUTOS = YES_AGGRESSIVE;
				GCC_WARN_UNUSED_FUNCTION = YES;
				GCC_WARN_UNUSED_VARIABLE = YES;
				IPHONEOS_DEPLOYMENT_TARGET = 13.4;
				MTL_ENABLE_DEBUG_INFO = NO;
				MTL_FAST_MATH = YES;
				SDKROOT = iphoneos;
				SWIFT_COMPILATION_MODE = wholemodule;
				SWIFT_OPTIMIZATION_LEVEL = "-O";
				VALIDATE_PRODUCT = YES;
			};
			name = Release;
		};
		6BECB16324357ADD000BA6F1 /* Debug */ = {
			isa = XCBuildConfiguration;
			buildSettings = {
				ASSETCATALOG_COMPILER_APPICON_NAME = AppIcon;
				CODE_SIGN_STYLE = Automatic;
				DEVELOPMENT_ASSET_PATHS = "\"SwifterSample/Preview Content\"";
				DEVELOPMENT_TEAM = 29C6ELZ3SW;
				ENABLE_PREVIEWS = YES;
				INFOPLIST_FILE = SwifterSample/Info.plist;
				LD_RUNPATH_SEARCH_PATHS = (
					"$(inherited)",
					"@executable_path/Frameworks",
				);
				PRODUCT_BUNDLE_IDENTIFIER = jp.co.chocoyama.SwifterSample;
				PRODUCT_NAME = "$(TARGET_NAME)";
				SWIFT_VERSION = 5.0;
				TARGETED_DEVICE_FAMILY = "1,2";
			};
			name = Debug;
		};
		6BECB16424357ADD000BA6F1 /* Release */ = {
			isa = XCBuildConfiguration;
			buildSettings = {
				ASSETCATALOG_COMPILER_APPICON_NAME = AppIcon;
				CODE_SIGN_STYLE = Automatic;
				DEVELOPMENT_ASSET_PATHS = "\"SwifterSample/Preview Content\"";
				DEVELOPMENT_TEAM = 29C6ELZ3SW;
				ENABLE_PREVIEWS = YES;
				INFOPLIST_FILE = SwifterSample/Info.plist;
				LD_RUNPATH_SEARCH_PATHS = (
					"$(inherited)",
					"@executable_path/Frameworks",
				);
				PRODUCT_BUNDLE_IDENTIFIER = jp.co.chocoyama.SwifterSample;
				PRODUCT_NAME = "$(TARGET_NAME)";
				SWIFT_VERSION = 5.0;
				TARGETED_DEVICE_FAMILY = "1,2";
			};
			name = Release;
		};
/* End XCBuildConfiguration section */

/* Begin XCConfigurationList section */
		6BECB14924357ADC000BA6F1 /* Build configuration list for PBXProject "SwifterSample" */ = {
			isa = XCConfigurationList;
			buildConfigurations = (
				6BECB16024357ADD000BA6F1 /* Debug */,
				6BECB16124357ADD000BA6F1 /* Release */,
			);
			defaultConfigurationIsVisible = 0;
			defaultConfigurationName = Release;
		};
		6BECB16224357ADD000BA6F1 /* Build configuration list for PBXNativeTarget "SwifterSample" */ = {
			isa = XCConfigurationList;
			buildConfigurations = (
				6BECB16324357ADD000BA6F1 /* Debug */,
				6BECB16424357ADD000BA6F1 /* Release */,
			);
			defaultConfigurationIsVisible = 0;
			defaultConfigurationName = Release;
		};
/* End XCConfigurationList section */

/* Begin XCRemoteSwiftPackageReference section */
		6BECB16524357B1B000BA6F1 /* XCRemoteSwiftPackageReference "swifter" */ = {
			isa = XCRemoteSwiftPackageReference;
			repositoryURL = "https://github.com/httpswift/swifter";
			requirement = {
				kind = upToNextMajorVersion;
				minimumVersion = 1.4.7;
			};
		};
/* End XCRemoteSwiftPackageReference section */

/* Begin XCSwiftPackageProductDependency section */
		6BECB16624357B1B000BA6F1 /* Swifter */ = {
			isa = XCSwiftPackageProductDependency;
			package = 6BECB16524357B1B000BA6F1 /* XCRemoteSwiftPackageReference "swifter" */;
			productName = Swifter;
		};
/* End XCSwiftPackageProductDependency section */
	};
	rootObject = 6BECB14624357ADC000BA6F1 /* Project object */;
}
